{
  "name": "skillswapx-backend",
  "version": "2.0.0",
  "lockfileVersion": 3,
  "requires": true,
  "packages": {
    "": {
      "name": "skillswapx-backend",
      "version": "2.0.0",
      "license": "MIT",
      "dependencies": {
        "cookie-parser": "^1.4.7",
        "cors": "^2.8.5",
        "dotenv": "^16.4.7",
        "express": "^4.21.2"
      }
    }
  }
}
